{
  "name":  "preptracker-pro-elite",
  "version": "0.0.0",
  "lockfileVersion":  3,
  "requires":  true,
  "packages": {
    "": {
      "name": "preptracker-pro-elite",
      "version":  "0.0.0",
      "type": "module",
      "dependencies": {
        "lucide-react": "^0.562.0",
        "react":  "^19.2.3",
        "react-dom": "^19.2.3",
        "react-router-dom": "^7.11.0"
      },
      "devDependencies":  {
        "@types/node":  "^22.14.0",
        "@vitejs/plugin-react": "^5.0.0",
        "typescript": "~5.8.2",
        "vite": "^6.2.0"
      }
    },
    "node_modules/@types/node": {
      "version": "22.14.0",
      "resolved": "https://registry.npmjs.org/@types/node/-/node-22.14.0.tgz",
      "integrity": "sha512-wDovFH4T7KZ1/sC45aLXfCxeLqPF1wFVKdbtmAPFqCIaShg3VVdg4xpJjfr5Gh4X8VX8sEb3gNLZdFePJxBt7A=="
    },
    "node_modules/@vitejs/plugin-react": {
      "version": "5.0.0",
      "resolved": "https://registry.npmjs.org/@vitejs/plugin-react/-/plugin-react-5.0.0.tgz",
      "integrity": "sha512-P1rDHv5o7dSLn2KSxPV8PpBK4VllZPQBVDT3Bc7ggk8gB+0FHzNVwJmlN+ZvRKMLLuZquBXTVPF+XPZB0N5Uw=="
    },
    "node_modules/lucide-react":  {
      "version": "0.562.0",
      "resolved": "https://registry.npmjs.org/lucide-react/-/lucide-react-0.562.0.tgz",
      "integrity": "sha512-vxBQP06c2KcBR+fYZ8z6eVzrLm7gIvpZaLI5w0yC7eODXd8LPsqNhDRVqV6CyMKQPp6lR7fVPZL8hMrqIWHh+w=="
    },
    "node_modules/react": {
      "version": "19.2.3",
      "resolved": "https://registry.npmjs.org/react/-/react-19.2.3.tgz",
      "integrity": "sha512-mYPLLO2nHk1IKhM0TYd/qd0FG7kJVdJi0RNfFw9IlQqLwCPMc8lbNbghPnQj4lCDDCNakBV63o5DGiBqe8WKMg=="
    },
    "node_modules/react-dom":  {
      "version": "19.2.3",
      "resolved": "https://registry.npmjs.org/react-dom/-/react-dom-19.2.3.tgz",
      "integrity": "sha512-Dq6kqDxPY8xqQHmPDFZr/zLww4dHlxYq8X6NNjkYFZm6H8T+RJp2ZDfGvSx5pSBT8vMJEoqx3i3+pO6BvBT+w=="
    },
    "node_modules/react-router-dom": {
      "version": "7.11.0",
      "resolved": "https://registry.npmjs.org/react-router-dom/-/react-router-dom-7.11.0.tgz",
      "integrity": "sha512-3rQDZVZJWzZr+0X7MF3uEqnwAhFSZCbMG7F8Wx4PwKHI7m1ybX2AIQJ9OILb5E7f4chMLKWQNSS8w4lePbVjA=="
    },
    "node_modules/typescript": {
      "version": "5.8.2",
      "resolved": "https://registry.npmjs.org/typescript/-/typescript-5.8.2.tgz",
      "integrity": "sha512-AjQ7RnDfqZYe9JvnfWXYfnuLZGwjhRN5jZzZ5m0KMTC+UtuVLWFgR0kFsqNPn8scXlSMr9pNQmgvIGfvV7+q5A=="
    },
    "node_modules/vite": {
      "version": "6.2.0",
      "resolved": "https://registry.npmjs.org/vite/-/vite-6.2.0.tgz",
      "integrity": "sha512-fWvkPl8mFzadVCfAXXJT4HKh/jxPJ0qLTDLT3F+N+cMgYwdZM2YXLKQRh2e7HEMRg8x6Ej6M6dBJLDvAk7DAA=="
    }
  }
}
